# This file is autogenerated, do not edit; changes may be undone by the next 'dep ensure'.


[[projects]]
  name = "github.com/boltdb/bolt"
  packages = ["."]
  revision = "2f1ce7a837dcb8da3ec595b1dac9d0632f0f99e8"
  version = "v1.3.1"

[[projects]]
  name = "github.com/davecgh/go-spew"
  packages = ["spew"]
  revision = "04cdfd42973bb9c8589fd6a731800cf222fde1a9"

[[projects]]
  name = "github.com/golang/protobuf"
  packages = ["proto"]
  revision = "0a4f71a498b7c4812f64969510bcb4eca251e33a"

[[projects]]
  name = "github.com/inconshreveable/mousetrap"
  packages = ["."]
  revision = "76626ae9c91c4f2a10f34cad8ce83ea42c93bb75"
  version = "v1.0"

[[projects]]
  name = "github.com/matishsiao/goInfo"
  packages = ["."]
  revision = "ed1e14d7a97bcc483d8f1e0c962114988768c37e"

[[projects]]
  name = "github.com/oklog/ulid"
  packages = ["."]
  revision = "66bb6560562feca7045b23db1ae85b01260f87c5"

[[projects]]
  name = "github.com/pmezard/go-difflib"
  packages = ["difflib"]
  revision = "d8ed2627bdf02c080bf22230dbb337003b7aba2d"

[[projects]]
  name = "github.com/rs/zerolog"
  packages = [".","log"]
  revision = "2e3da1d5b5ca21d19ebdf4d8ead8aa202cd7341d"
  version = "v1.0.0"

[[projects]]
  name = "github.com/spf13/cobra"
  packages = ["."]
  revision = "7b2c5ac9fc04fc5efafb60700713d4fa609b777b"
  version = "v0.0.1"

[[projects]]
  name = "github.com/spf13/pflag"
  packages = ["."]
  revision = "e57e3eeb33f795204c1ca35f56c44f83227c6e66"
  version = "v1.0.0"

[[projects]]
  name = "github.com/stretchr/testify"
  packages = ["assert"]
  revision = "890a5c3458b43e6104ff5da8dfa139d013d77544"

[[projects]]
  name = "golang.org/x/crypto"
  packages = ["curve25519","ed25519","ed25519/internal/edwards25519","ssh"]
  revision = "81e90905daefcd6fd217b62423c0908922eadb30"

[[projects]]
  name = "golang.org/x/sys"
  packages = ["unix"]
  revision = "7ddbeae9ae08c6a06a59597f0c9edbc5ff2444ce"

[[projects]]
  branch = "v2"
  name = "gopkg.in/robfig/cron.v2"
  packages = ["."]
  revision = "be2e0b0deed5a68ffee390b4583a13aff8321535"

[solve-meta]
  analyzer-name = "dep"
  analyzer-version = 1
  inputs-digest = "344060a9f36b8989aad64e60874cc290d0a8e7d25d5c4c41676489c4898afa93"
  solver-name = "gps-cdcl"
  solver-version = 1
